
Microsoft Visual Studio Solution File, Format Version 12.00
# Visual Studio 15
VisualStudioVersion = 15.0.28307.779
MinimumVisualStudioVersion = 10.0.40219.1
Project("{FAE04EC0-301F-11D3-BF4B-00C04F79EFBC}") = "BloodCardChecker", "BloodCardChecker\BloodCardChecker.csproj", "{9D09F9F0-3D1F-4F48-BD67-F7F52426E54C}"
EndProject
Global
	GlobalSection(SolutionConfigurationPlatforms) = preSolution
		Debug|Any CPU = Debug|Any CPU
		Debug|x64 = Debug|x64
		Release|Any CPU = Release|Any CPU
		Release|x64 = Release|x64
	EndGlobalSection
	GlobalSection(ProjectConfigurationPlatforms) = postSolution
		{9D09F9F0-3D1F-4F48-BD67-F7F52426E54C}.Debug|Any CPU.ActiveCfg = Debug|Any CPU
		{9D09F9F0-3D1F-4F48-BD67-F7F52426E54C}.Debug|Any CPU.Build.0 = Debug|Any CPU
		{9D09F9F0-3D1F-4F48-BD67-F7F52426E54C}.Debug|x64.ActiveCfg = Debug|x64
		{9D09F9F0-3D1F-4F48-BD67-F7F52426E54C}.Debug|x64.Build.0 = Debug|x64
		{9D09F9F0-3D1F-4F48-BD67-F7F52426E54C}.Release|Any CPU.ActiveCfg = Release|Any CPU
		{9D09F9F0-3D1F-4F48-BD67-F7F52426E54C}.Release|Any CPU.Build.0 = Release|Any CPU
		{9D09F9F0-3D1F-4F48-BD67-F7F52426E54C}.Release|x64.ActiveCfg = Release|x64
		{9D09F9F0-3D1F-4F48-BD67-F7F52426E54C}.Release|x64.Build.0 = Release|x64
	EndGlobalSection
	GlobalSection(SolutionProperties) = preSolution
		HideSolutionNode = FALSE
	EndGlobalSection
	GlobalSection(ExtensibilityGlobals) = postSolution
		SolutionGuid = {F7D0DC0D-18EA-4875-B823-5C208C1CFE80}
	EndGlobalSection
EndGlobal
